// !$*UTF8*$!
{
	archiveVersion = 1;
	classes = {
	};
	objectVersion = 46;
	objects = {

/* Begin PBXBuildFile section */
		2062D6BA8ED1C261E41340CB /* Pods_Alfred.framework in Frameworks */ = {isa = PBXBuildFile; fileRef = 1B2F45311B60BF8F90EE01E9 /* Pods_Alfred.framework */; };
		412CFD9C980E1F6B72C14C83 /* Pods_AlfredUITests.framework in Frameworks */ = {isa = PBXBuildFile; fileRef = 48EB8D205312FA4CBF070079 /* Pods_AlfredUITests.framework */; };
		9AC0DF2FD0D56A2569FA47CC /* Pods_AlfredTests.framework in Frameworks */ = {isa = PBXBuildFile; fileRef = B5A7672413D81911A4EA52EE /* Pods_AlfredTests.framework */; };
		D409BCF61E53756000443834 /* Assets.xcassets in Resources */ = {isa = PBXBuildFile; fileRef = D409BCF51E53756000443834 /* Assets.xcassets */; };
		D47306A11E54B12D00F6923C /* Constants.swift in Sources */ = {isa = PBXBuildFile; fileRef = D47306A01E54B12D00F6923C /* Constants.swift */; };
		D47EFDE61E48F681003A9B4E /* AppDelegate.swift in Sources */ = {isa = PBXBuildFile; fileRef = D47EFDE51E48F681003A9B4E /* AppDelegate.swift */; };
		D47EFDEE1E48F681003A9B4E /* Alfred.xcdatamodeld in Sources */ = {isa = PBXBuildFile; fileRef = D47EFDEC1E48F681003A9B4E /* Alfred.xcdatamodeld */; };
		D47EFDF31E48F681003A9B4E /* LaunchScreen.storyboard in Resources */ = {isa = PBXBuildFile; fileRef = D47EFDF11E48F681003A9B4E /* LaunchScreen.storyboard */; };
		D47EFDFE1E48F681003A9B4E /* AlfredTests.swift in Sources */ = {isa = PBXBuildFile; fileRef = D47EFDFD1E48F681003A9B4E /* AlfredTests.swift */; };
		D47EFE091E48F681003A9B4E /* AlfredUITests.swift in Sources */ = {isa = PBXBuildFile; fileRef = D47EFE081E48F681003A9B4E /* AlfredUITests.swift */; };
		D483D5A91E4E7E0300ED09C8 /* SampleData.swift in Sources */ = {isa = PBXBuildFile; fileRef = D483D5A81E4E7E0300ED09C8 /* SampleData.swift */; };
		D48ACA9D1E51F14A006C6D91 /* MainTableViewController.swift in Sources */ = {isa = PBXBuildFile; fileRef = D48ACA9C1E51F14A006C6D91 /* MainTableViewController.swift */; };
		D48ACAA61E523926006C6D91 /* DetailSection+CoreDataClass.swift in Sources */ = {isa = PBXBuildFile; fileRef = D48ACA9E1E523926006C6D91 /* DetailSection+CoreDataClass.swift */; };
		D48ACAA71E523926006C6D91 /* DetailSection+CoreDataProperties.swift in Sources */ = {isa = PBXBuildFile; fileRef = D48ACA9F1E523926006C6D91 /* DetailSection+CoreDataProperties.swift */; };
		D48ACAA81E523926006C6D91 /* User+CoreDataClass.swift in Sources */ = {isa = PBXBuildFile; fileRef = D48ACAA01E523926006C6D91 /* User+CoreDataClass.swift */; };
		D48ACAA91E523926006C6D91 /* User+CoreDataProperties.swift in Sources */ = {isa = PBXBuildFile; fileRef = D48ACAA11E523926006C6D91 /* User+CoreDataProperties.swift */; };
		D48ACAAA1E523926006C6D91 /* Category+CoreDataClass.swift in Sources */ = {isa = PBXBuildFile; fileRef = D48ACAA21E523926006C6D91 /* Category+CoreDataClass.swift */; };
		D48ACAAB1E523926006C6D91 /* Category+CoreDataProperties.swift in Sources */ = {isa = PBXBuildFile; fileRef = D48ACAA31E523926006C6D91 /* Category+CoreDataProperties.swift */; };
		D48ACAAC1E523926006C6D91 /* Detail+CoreDataClass.swift in Sources */ = {isa = PBXBuildFile; fileRef = D48ACAA41E523926006C6D91 /* Detail+CoreDataClass.swift */; };
		D48ACAAD1E523926006C6D91 /* Detail+CoreDataProperties.swift in Sources */ = {isa = PBXBuildFile; fileRef = D48ACAA51E523926006C6D91 /* Detail+CoreDataProperties.swift */; };
		D48ACAAF1E5288E6006C6D91 /* Main.storyboard in Resources */ = {isa = PBXBuildFile; fileRef = D48ACAAE1E5288E6006C6D91 /* Main.storyboard */; };
		D4B5905D1E4DF2CE00FD5D37 /* DetailsTableViewController.swift in Sources */ = {isa = PBXBuildFile; fileRef = D4B5905C1E4DF2CE00FD5D37 /* DetailsTableViewController.swift */; };
		D4B5905F1E4DF2EB00FD5D37 /* DetailTableViewCell.swift in Sources */ = {isa = PBXBuildFile; fileRef = D4B5905E1E4DF2EB00FD5D37 /* DetailTableViewCell.swift */; };
		D4B590611E4DF30200FD5D37 /* Detail.swift in Sources */ = {isa = PBXBuildFile; fileRef = D4B590601E4DF30200FD5D37 /* Detail.swift */; };
		D4C5D5221E4A13F200640F08 /* CategoryCell.swift in Sources */ = {isa = PBXBuildFile; fileRef = D4C5D5211E4A13F200640F08 /* CategoryCell.swift */; };
		D4C5D5281E4A19FC00640F08 /* Category.swift in Sources */ = {isa = PBXBuildFile; fileRef = D4C5D5271E4A19FC00640F08 /* Category.swift */; };
		D4C5D52A1E4A314B00640F08 /* User.swift in Sources */ = {isa = PBXBuildFile; fileRef = D4C5D5291E4A314B00640F08 /* User.swift */; };
/* End PBXBuildFile section */

/* Begin PBXContainerItemProxy section */
		D47EFDFA1E48F681003A9B4E /* PBXContainerItemProxy */ = {
			isa = PBXContainerItemProxy;
			containerPortal = D47EFDDA1E48F681003A9B4E /* Project object */;
			proxyType = 1;
			remoteGlobalIDString = D47EFDE11E48F681003A9B4E;
			remoteInfo = Alfred;
		};
		D47EFE051E48F681003A9B4E /* PBXContainerItemProxy */ = {
			isa = PBXContainerItemProxy;
			containerPortal = D47EFDDA1E48F681003A9B4E /* Project object */;
			proxyType = 1;
			remoteGlobalIDString = D47EFDE11E48F681003A9B4E;
			remoteInfo = Alfred;
		};
/* End PBXContainerItemProxy section */

/* Begin PBXFileReference section */
		1B2F45311B60BF8F90EE01E9 /* Pods_Alfred.framework */ = {isa = PBXFileReference; explicitFileType = wrapper.framework; includeInIndex = 0; path = Pods_Alfred.framework; sourceTree = BUILT_PRODUCTS_DIR; };
		48EB8D205312FA4CBF070079 /* Pods_AlfredUITests.framework */ = {isa = PBXFileReference; explicitFileType = wrapper.framework; includeInIndex = 0; path = Pods_AlfredUITests.framework; sourceTree = BUILT_PRODUCTS_DIR; };
		7B61118E3E8C1A628AFC8C71 /* Pods-AlfredUITests.debug.xcconfig */ = {isa = PBXFileReference; includeInIndex = 1; lastKnownFileType = text.xcconfig; name = "Pods-AlfredUITests.debug.xcconfig"; path = "Pods/Target Support Files/Pods-AlfredUITests/Pods-AlfredUITests.debug.xcconfig"; sourceTree = "<group>"; };
		B22AC11428E4B82631C40AFC /* Pods-AlfredUITests.release.xcconfig */ = {isa = PBXFileReference; includeInIndex = 1; lastKnownFileType = text.xcconfig; name = "Pods-AlfredUITests.release.xcconfig"; path = "Pods/Target Support Files/Pods-AlfredUITests/Pods-AlfredUITests.release.xcconfig"; sourceTree = "<group>"; };
		B5A7672413D81911A4EA52EE /* Pods_AlfredTests.framework */ = {isa = PBXFileReference; explicitFileType = wrapper.framework; includeInIndex = 0; path = Pods_AlfredTests.framework; sourceTree = BUILT_PRODUCTS_DIR; };
		D409BCF51E53756000443834 /* Assets.xcassets */ = {isa = PBXFileReference; lastKnownFileType = folder.assetcatalog; name = Assets.xcassets; path = Alfred/Assets.xcassets; sourceTree = "<group>"; };
		D47306A01E54B12D00F6923C /* Constants.swift */ = {isa = PBXFileReference; fileEncoding = 4; lastKnownFileType = sourcecode.swift; path = Constants.swift; sourceTree = "<group>"; };
		D47EFDE21E48F681003A9B4E /* Alfred.app */ = {isa = PBXFileReference; explicitFileType = wrapper.application; includeInIndex = 0; path = Alfred.app; sourceTree = BUILT_PRODUCTS_DIR; };
		D47EFDE51E48F681003A9B4E /* AppDelegate.swift */ = {isa = PBXFileReference; lastKnownFileType = sourcecode.swift; path = AppDelegate.swift; sourceTree = "<group>"; };
		D47EFDED1E48F681003A9B4E /* Alfred.xcdatamodel */ = {isa = PBXFileReference; lastKnownFileType = wrapper.xcdatamodel; path = Alfred.xcdatamodel; sourceTree = "<group>"; };
		D47EFDF21E48F681003A9B4E /* Base */ = {isa = PBXFileReference; lastKnownFileType = file.storyboard; name = Base; path = Base.lproj/LaunchScreen.storyboard; sourceTree = "<group>"; };
		D47EFDF41E48F681003A9B4E /* Info.plist */ = {isa = PBXFileReference; lastKnownFileType = text.plist.xml; path = Info.plist; sourceTree = "<group>"; };
		D47EFDF91E48F681003A9B4E /* AlfredTests.xctest */ = {isa = PBXFileReference; explicitFileType = wrapper.cfbundle; includeInIndex = 0; path = AlfredTests.xctest; sourceTree = BUILT_PRODUCTS_DIR; };
		D47EFDFD1E48F681003A9B4E /* AlfredTests.swift */ = {isa = PBXFileReference; lastKnownFileType = sourcecode.swift; path = AlfredTests.swift; sourceTree = "<group>"; };
		D47EFDFF1E48F681003A9B4E /* Info.plist */ = {isa = PBXFileReference; lastKnownFileType = text.plist.xml; path = Info.plist; sourceTree = "<group>"; };
		D47EFE041E48F681003A9B4E /* AlfredUITests.xctest */ = {isa = PBXFileReference; explicitFileType = wrapper.cfbundle; includeInIndex = 0; path = AlfredUITests.xctest; sourceTree = BUILT_PRODUCTS_DIR; };
		D47EFE081E48F681003A9B4E /* AlfredUITests.swift */ = {isa = PBXFileReference; lastKnownFileType = sourcecode.swift; path = AlfredUITests.swift; sourceTree = "<group>"; };
		D47EFE0A1E48F681003A9B4E /* Info.plist */ = {isa = PBXFileReference; lastKnownFileType = text.plist.xml; path = Info.plist; sourceTree = "<group>"; };
		D483D5A81E4E7E0300ED09C8 /* SampleData.swift */ = {isa = PBXFileReference; fileEncoding = 4; lastKnownFileType = sourcecode.swift; path = SampleData.swift; sourceTree = "<group>"; };
		D48ACA9C1E51F14A006C6D91 /* MainTableViewController.swift */ = {isa = PBXFileReference; fileEncoding = 4; lastKnownFileType = sourcecode.swift; path = MainTableViewController.swift; sourceTree = "<group>"; };
		D48ACA9E1E523926006C6D91 /* DetailSection+CoreDataClass.swift */ = {isa = PBXFileReference; fileEncoding = 4; lastKnownFileType = sourcecode.swift; path = "DetailSection+CoreDataClass.swift"; sourceTree = "<group>"; };
		D48ACA9F1E523926006C6D91 /* DetailSection+CoreDataProperties.swift */ = {isa = PBXFileReference; fileEncoding = 4; lastKnownFileType = sourcecode.swift; path = "DetailSection+CoreDataProperties.swift"; sourceTree = "<group>"; };
		D48ACAA01E523926006C6D91 /* User+CoreDataClass.swift */ = {isa = PBXFileReference; fileEncoding = 4; lastKnownFileType = sourcecode.swift; path = "User+CoreDataClass.swift"; sourceTree = "<group>"; };
		D48ACAA11E523926006C6D91 /* User+CoreDataProperties.swift */ = {isa = PBXFileReference; fileEncoding = 4; lastKnownFileType = sourcecode.swift; path = "User+CoreDataProperties.swift"; sourceTree = "<group>"; };
		D48ACAA21E523926006C6D91 /* Category+CoreDataClass.swift */ = {isa = PBXFileReference; fileEncoding = 4; lastKnownFileType = sourcecode.swift; path = "Category+CoreDataClass.swift"; sourceTree = "<group>"; };
		D48ACAA31E523926006C6D91 /* Category+CoreDataProperties.swift */ = {isa = PBXFileReference; fileEncoding = 4; lastKnownFileType = sourcecode.swift; path = "Category+CoreDataProperties.swift"; sourceTree = "<group>"; };
		D48ACAA41E523926006C6D91 /* Detail+CoreDataClass.swift */ = {isa = PBXFileReference; fileEncoding = 4; lastKnownFileType = sourcecode.swift; path = "Detail+CoreDataClass.swift"; sourceTree = "<group>"; };
		D48ACAA51E523926006C6D91 /* Detail+CoreDataProperties.swift */ = {isa = PBXFileReference; fileEncoding = 4; lastKnownFileType = sourcecode.swift; path = "Detail+CoreDataProperties.swift"; sourceTree = "<group>"; };
		D48ACAAE1E5288E6006C6D91 /* Main.storyboard */ = {isa = PBXFileReference; fileEncoding = 4; lastKnownFileType = file.storyboard; path = Main.storyboard; sourceTree = "<group>"; };
		D4B5905C1E4DF2CE00FD5D37 /* DetailsTableViewController.swift */ = {isa = PBXFileReference; fileEncoding = 4; lastKnownFileType = sourcecode.swift; path = DetailsTableViewController.swift; sourceTree = "<group>"; };
		D4B5905E1E4DF2EB00FD5D37 /* DetailTableViewCell.swift */ = {isa = PBXFileReference; fileEncoding = 4; lastKnownFileType = sourcecode.swift; path = DetailTableViewCell.swift; sourceTree = "<group>"; };
		D4B590601E4DF30200FD5D37 /* Detail.swift */ = {isa = PBXFileReference; fileEncoding = 4; lastKnownFileType = sourcecode.swift; path = Detail.swift; sourceTree = "<group>"; };
		D4C5D5211E4A13F200640F08 /* CategoryCell.swift */ = {isa = PBXFileReference; fileEncoding = 4; lastKnownFileType = sourcecode.swift; path = CategoryCell.swift; sourceTree = "<group>"; };
		D4C5D5271E4A19FC00640F08 /* Category.swift */ = {isa = PBXFileReference; fileEncoding = 4; lastKnownFileType = sourcecode.swift; path = Category.swift; sourceTree = "<group>"; };
		D4C5D5291E4A314B00640F08 /* User.swift */ = {isa = PBXFileReference; fileEncoding = 4; lastKnownFileType = sourcecode.swift; path = User.swift; sourceTree = "<group>"; };
		DAA79542BF977B409D1131A6 /* Pods-Alfred.release.xcconfig */ = {isa = PBXFileReference; includeInIndex = 1; lastKnownFileType = text.xcconfig; name = "Pods-Alfred.release.xcconfig"; path = "Pods/Target Support Files/Pods-Alfred/Pods-Alfred.release.xcconfig"; sourceTree = "<group>"; };
		E09B0844AF41686DDA907580 /* Pods-AlfredTests.debug.xcconfig */ = {isa = PBXFileReference; includeInIndex = 1; lastKnownFileType = text.xcconfig; name = "Pods-AlfredTests.debug.xcconfig"; path = "Pods/Target Support Files/Pods-AlfredTests/Pods-AlfredTests.debug.xcconfig"; sourceTree = "<group>"; };
		E4D4AA07C36F6042A3396516 /* Pods-Alfred.debug.xcconfig */ = {isa = PBXFileReference; includeInIndex = 1; lastKnownFileType = text.xcconfig; name = "Pods-Alfred.debug.xcconfig"; path = "Pods/Target Support Files/Pods-Alfred/Pods-Alfred.debug.xcconfig"; sourceTree = "<group>"; };
		FFCE28E4655D5B4FC27C2F9C /* Pods-AlfredTests.release.xcconfig */ = {isa = PBXFileReference; includeInIndex = 1; lastKnownFileType = text.xcconfig; name = "Pods-AlfredTests.release.xcconfig"; path = "Pods/Target Support Files/Pods-AlfredTests/Pods-AlfredTests.release.xcconfig"; sourceTree = "<group>"; };
/* End PBXFileReference section */

/* Begin PBXFrameworksBuildPhase section */
		D47EFDDF1E48F681003A9B4E /* Frameworks */ = {
			isa = PBXFrameworksBuildPhase;
			buildActionMask = 2147483647;
			files = (
				2062D6BA8ED1C261E41340CB /* Pods_Alfred.framework in Frameworks */,
			);
			runOnlyForDeploymentPostprocessing = 0;
		};
		D47EFDF61E48F681003A9B4E /* Frameworks */ = {
			isa = PBXFrameworksBuildPhase;
			buildActionMask = 2147483647;
			files = (
				9AC0DF2FD0D56A2569FA47CC /* Pods_AlfredTests.framework in Frameworks */,
			);
			runOnlyForDeploymentPostprocessing = 0;
		};
		D47EFE011E48F681003A9B4E /* Frameworks */ = {
			isa = PBXFrameworksBuildPhase;
			buildActionMask = 2147483647;
			files = (
				412CFD9C980E1F6B72C14C83 /* Pods_AlfredUITests.framework in Frameworks */,
			);
			runOnlyForDeploymentPostprocessing = 0;
		};
/* End PBXFrameworksBuildPhase section */

/* Begin PBXGroup section */
		299E82BF08669B3CC1DF5DCF /* Frameworks */ = {
			isa = PBXGroup;
			children = (
				1B2F45311B60BF8F90EE01E9 /* Pods_Alfred.framework */,
				B5A7672413D81911A4EA52EE /* Pods_AlfredTests.framework */,
				48EB8D205312FA4CBF070079 /* Pods_AlfredUITests.framework */,
			);
			name = Frameworks;
			sourceTree = "<group>";
		};
		A1B6E83CAD1AA947F6E91701 /* Pods */ = {
			isa = PBXGroup;
			children = (
				E4D4AA07C36F6042A3396516 /* Pods-Alfred.debug.xcconfig */,
				DAA79542BF977B409D1131A6 /* Pods-Alfred.release.xcconfig */,
				E09B0844AF41686DDA907580 /* Pods-AlfredTests.debug.xcconfig */,
				FFCE28E4655D5B4FC27C2F9C /* Pods-AlfredTests.release.xcconfig */,
				7B61118E3E8C1A628AFC8C71 /* Pods-AlfredUITests.debug.xcconfig */,
				B22AC11428E4B82631C40AFC /* Pods-AlfredUITests.release.xcconfig */,
			);
			name = Pods;
			sourceTree = "<group>";
		};
		D47EFDD91E48F681003A9B4E = {
			isa = PBXGroup;
			children = (
				D409BCF51E53756000443834 /* Assets.xcassets */,
				D47EFDE41E48F681003A9B4E /* Alfred */,
				D47EFDFC1E48F681003A9B4E /* AlfredTests */,
				D47EFE071E48F681003A9B4E /* AlfredUITests */,
				D47EFDE31E48F681003A9B4E /* Products */,
				A1B6E83CAD1AA947F6E91701 /* Pods */,
				299E82BF08669B3CC1DF5DCF /* Frameworks */,
			);
			sourceTree = "<group>";
		};
		D47EFDE31E48F681003A9B4E /* Products */ = {
			isa = PBXGroup;
			children = (
				D47EFDE21E48F681003A9B4E /* Alfred.app */,
				D47EFDF91E48F681003A9B4E /* AlfredTests.xctest */,
				D47EFE041E48F681003A9B4E /* AlfredUITests.xctest */,
			);
			name = Products;
			sourceTree = "<group>";
		};
		D47EFDE41E48F681003A9B4E /* Alfred */ = {
			isa = PBXGroup;
			children = (
				D4C5D5261E4A15AD00640F08 /* Controller */,
				D4C5D5251E4A15AA00640F08 /* View */,
				D4C5D5231E4A159000640F08 /* Model */,
				D47306A01E54B12D00F6923C /* Constants.swift */,
				D47EFDE51E48F681003A9B4E /* AppDelegate.swift */,
				D47EFDF11E48F681003A9B4E /* LaunchScreen.storyboard */,
				D48ACAAE1E5288E6006C6D91 /* Main.storyboard */,
				D47EFDF41E48F681003A9B4E /* Info.plist */,
				D47EFDEC1E48F681003A9B4E /* Alfred.xcdatamodeld */,
			);
			path = Alfred;
			sourceTree = "<group>";
		};
		D47EFDFC1E48F681003A9B4E /* AlfredTests */ = {
			isa = PBXGroup;
			children = (
				D47EFDFD1E48F681003A9B4E /* AlfredTests.swift */,
				D47EFDFF1E48F681003A9B4E /* Info.plist */,
			);
			path = AlfredTests;
			sourceTree = "<group>";
		};
		D47EFE071E48F681003A9B4E /* AlfredUITests */ = {
			isa = PBXGroup;
			children = (
				D47EFE081E48F681003A9B4E /* AlfredUITests.swift */,
				D47EFE0A1E48F681003A9B4E /* Info.plist */,
			);
			path = AlfredUITests;
			sourceTree = "<group>";
		};
		D4C5D5231E4A159000640F08 /* Model */ = {
			isa = PBXGroup;
			children = (
				D4CB81B81E4F542C00B44A60 /* CoreDataVersion */,
				D4CB81B71E4F541C00B44A60 /* Deprecated : NoCoreDataVersion */,
			);
			name = Model;
			sourceTree = "<group>";
		};
		D4C5D5251E4A15AA00640F08 /* View */ = {
			isa = PBXGroup;
			children = (
				D4C5D5211E4A13F200640F08 /* CategoryCell.swift */,
				D4B5905E1E4DF2EB00FD5D37 /* DetailTableViewCell.swift */,
			);
			name = View;
			sourceTree = "<group>";
		};
		D4C5D5261E4A15AD00640F08 /* Controller */ = {
			isa = PBXGroup;
			children = (
				D48ACA9C1E51F14A006C6D91 /* MainTableViewController.swift */,
				D4B5905C1E4DF2CE00FD5D37 /* DetailsTableViewController.swift */,
			);
			name = Controller;
			sourceTree = "<group>";
		};
		D4CB81B71E4F541C00B44A60 /* Deprecated : NoCoreDataVersion */ = {
			isa = PBXGroup;
			children = (
				D483D5A81E4E7E0300ED09C8 /* SampleData.swift */,
				D4C5D5271E4A19FC00640F08 /* Category.swift */,
				D4C5D5291E4A314B00640F08 /* User.swift */,
				D4B590601E4DF30200FD5D37 /* Detail.swift */,
			);
			name = "Deprecated : NoCoreDataVersion";
			sourceTree = "<group>";
		};
		D4CB81B81E4F542C00B44A60 /* CoreDataVersion */ = {
			isa = PBXGroup;
			children = (
				D48ACAA01E523926006C6D91 /* User+CoreDataClass.swift */,
				D48ACAA21E523926006C6D91 /* Category+CoreDataClass.swift */,
				D48ACA9E1E523926006C6D91 /* DetailSection+CoreDataClass.swift */,
				D48ACAA41E523926006C6D91 /* Detail+CoreDataClass.swift */,
				D4CB81B91E4F545200B44A60 /* Properties */,
			);
			name = CoreDataVersion;
			sourceTree = "<group>";
		};
		D4CB81B91E4F545200B44A60 /* Properties */ = {
			isa = PBXGroup;
			children = (
				D48ACA9F1E523926006C6D91 /* DetailSection+CoreDataProperties.swift */,
				D48ACAA11E523926006C6D91 /* User+CoreDataProperties.swift */,
				D48ACAA31E523926006C6D91 /* Category+CoreDataProperties.swift */,
				D48ACAA51E523926006C6D91 /* Detail+CoreDataProperties.swift */,
			);
			name = Properties;
			sourceTree = "<group>";
		};
/* End PBXGroup section */

/* Begin PBXNativeTarget section */
		D47EFDE11E48F681003A9B4E /* Alfred */ = {
			isa = PBXNativeTarget;
			buildConfigurationList = D47EFE0D1E48F681003A9B4E /* Build configuration list for PBXNativeTarget "Alfred" */;
			buildPhases = (
				D03ABA88CB168F8F61240931 /* [CP] Check Pods Manifest.lock */,
				D47EFDDE1E48F681003A9B4E /* Sources */,
				D47EFDDF1E48F681003A9B4E /* Frameworks */,
				D47EFDE01E48F681003A9B4E /* Resources */,
				825717AA41FE7B45BC7DFDA9 /* [CP] Embed Pods Frameworks */,
				25A438358E761F0FBA859BB8 /* [CP] Copy Pods Resources */,
			);
			buildRules = (
			);
			dependencies = (
			);
			name = Alfred;
			productName = Alfred;
			productReference = D47EFDE21E48F681003A9B4E /* Alfred.app */;
			productType = "com.apple.product-type.application";
		};
		D47EFDF81E48F681003A9B4E /* AlfredTests */ = {
			isa = PBXNativeTarget;
			buildConfigurationList = D47EFE101E48F681003A9B4E /* Build configuration list for PBXNativeTarget "AlfredTests" */;
			buildPhases = (
				25B019FCECDF91706C1740F5 /* [CP] Check Pods Manifest.lock */,
				D47EFDF51E48F681003A9B4E /* Sources */,
				D47EFDF61E48F681003A9B4E /* Frameworks */,
				D47EFDF71E48F681003A9B4E /* Resources */,
				E7C04D2ACD0B6C8EF25B8592 /* [CP] Embed Pods Frameworks */,
				2775E1F4DF2118BD0D4299A3 /* [CP] Copy Pods Resources */,
			);
			buildRules = (
			);
			dependencies = (
				D47EFDFB1E48F681003A9B4E /* PBXTargetDependency */,
			);
			name = AlfredTests;
			productName = AlfredTests;
			productReference = D47EFDF91E48F681003A9B4E /* AlfredTests.xctest */;
			productType = "com.apple.product-type.bundle.unit-test";
		};
		D47EFE031E48F681003A9B4E /* AlfredUITests */ = {
			isa = PBXNativeTarget;
			buildConfigurationList = D47EFE131E48F681003A9B4E /* Build configuration list for PBXNativeTarget "AlfredUITests" */;
			buildPhases = (
				CF713FAACAE3E482E4AA20DC /* [CP] Check Pods Manifest.lock */,
				D47EFE001E48F681003A9B4E /* Sources */,
				D47EFE011E48F681003A9B4E /* Frameworks */,
				D47EFE021E48F681003A9B4E /* Resources */,
				FADE767FC6C1114659C0E80B /* [CP] Embed Pods Frameworks */,
				6F4572929BF92467B94254B4 /* [CP] Copy Pods Resources */,
			);
			buildRules = (
			);
			dependencies = (
				D47EFE061E48F681003A9B4E /* PBXTargetDependency */,
			);
			name = AlfredUITests;
			productName = AlfredUITests;
			productReference = D47EFE041E48F681003A9B4E /* AlfredUITests.xctest */;
			productType = "com.apple.product-type.bundle.ui-testing";
		};
/* End PBXNativeTarget section */

/* Begin PBXProject section */
		D47EFDDA1E48F681003A9B4E /* Project object */ = {
			isa = PBXProject;
			attributes = {
				LastSwiftUpdateCheck = 0820;
				LastUpgradeCheck = 0820;
				ORGANIZATIONNAME = rmulton;
				TargetAttributes = {
					D47EFDE11E48F681003A9B4E = {
						CreatedOnToolsVersion = 8.2.1;
						DevelopmentTeam = T2EPS5RLC3;
						ProvisioningStyle = Automatic;
					};
					D47EFDF81E48F681003A9B4E = {
						CreatedOnToolsVersion = 8.2.1;
						ProvisioningStyle = Automatic;
						TestTargetID = D47EFDE11E48F681003A9B4E;
					};
					D47EFE031E48F681003A9B4E = {
						CreatedOnToolsVersion = 8.2.1;
						ProvisioningStyle = Automatic;
						TestTargetID = D47EFDE11E48F681003A9B4E;
					};
				};
			};
			buildConfigurationList = D47EFDDD1E48F681003A9B4E /* Build configuration list for PBXProject "Alfred" */;
			compatibilityVersion = "Xcode 3.2";
			developmentRegion = English;
			hasScannedForEncodings = 0;
			knownRegions = (
				en,
				Base,
			);
			mainGroup = D47EFDD91E48F681003A9B4E;
			productRefGroup = D47EFDE31E48F681003A9B4E /* Products */;
			projectDirPath = "";
			projectRoot = "";
			targets = (
				D47EFDE11E48F681003A9B4E /* Alfred */,
				D47EFDF81E48F681003A9B4E /* AlfredTests */,
				D47EFE031E48F681003A9B4E /* AlfredUITests */,
			);
		};
/* End PBXProject section */

/* Begin PBXResourcesBuildPhase section */
		D47EFDE01E48F681003A9B4E /* Resources */ = {
			isa = PBXResourcesBuildPhase;
			buildActionMask = 2147483647;
			files = (
				D48ACAAF1E5288E6006C6D91 /* Main.storyboard in Resources */,
				D409BCF61E53756000443834 /* Assets.xcassets in Resources */,
				D47EFDF31E48F681003A9B4E /* LaunchScreen.storyboard in Resources */,
			);
			runOnlyForDeploymentPostprocessing = 0;
		};
		D47EFDF71E48F681003A9B4E /* Resources */ = {
			isa = PBXResourcesBuildPhase;
			buildActionMask = 2147483647;
			files = (
			);
			runOnlyForDeploymentPostprocessing = 0;
		};
		D47EFE021E48F681003A9B4E /* Resources */ = {
			isa = PBXResourcesBuildPhase;
			buildActionMask = 2147483647;
			files = (
			);
			runOnlyForDeploymentPostprocessing = 0;
		};
/* End PBXResourcesBuildPhase section */

/* Begin PBXShellScriptBuildPhase section */
		25A438358E761F0FBA859BB8 /* [CP] Copy Pods Resources */ = {
			isa = PBXShellScriptBuildPhase;
			buildActionMask = 2147483647;
			files = (
			);
			inputPaths = (
			);
			name = "[CP] Copy Pods Resources";
			outputPaths = (
			);
			runOnlyForDeploymentPostprocessing = 0;
			shellPath = /bin/sh;
			shellScript = "\"${SRCROOT}/Pods/Target Support Files/Pods-Alfred/Pods-Alfred-resources.sh\"\n";
			showEnvVarsInLog = 0;
		};
		25B019FCECDF91706C1740F5 /* [CP] Check Pods Manifest.lock */ = {
			isa = PBXShellScriptBuildPhase;
			buildActionMask = 2147483647;
			files = (
			);
			inputPaths = (
			);
			name = "[CP] Check Pods Manifest.lock";
			outputPaths = (
			);
			runOnlyForDeploymentPostprocessing = 0;
			shellPath = /bin/sh;
			shellScript = "diff \"${PODS_ROOT}/../Podfile.lock\" \"${PODS_ROOT}/Manifest.lock\" > /dev/null\nif [ $? != 0 ] ; then\n    # print error to STDERR\n    echo \"error: The sandbox is not in sync with the Podfile.lock. Run 'pod install' or update your CocoaPods installation.\" >&2\n    exit 1\nfi\n";
			showEnvVarsInLog = 0;
		};
		2775E1F4DF2118BD0D4299A3 /* [CP] Copy Pods Resources */ = {
			isa = PBXShellScriptBuildPhase;
			buildActionMask = 2147483647;
			files = (
			);
			inputPaths = (
			);
			name = "[CP] Copy Pods Resources";
			outputPaths = (
			);
			runOnlyForDeploymentPostprocessing = 0;
			shellPath = /bin/sh;
			shellScript = "\"${SRCROOT}/Pods/Target Support Files/Pods-AlfredTests/Pods-AlfredTests-resources.sh\"\n";
			showEnvVarsInLog = 0;
		};
		6F4572929BF92467B94254B4 /* [CP] Copy Pods Resources */ = {
			isa = PBXShellScriptBuildPhase;
			buildActionMask = 2147483647;
			files = (
			);
			inputPaths = (
			);
			name = "[CP] Copy Pods Resources";
			outputPaths = (
			);
			runOnlyForDeploymentPostprocessing = 0;
			shellPath = /bin/sh;
			shellScript = "\"${SRCROOT}/Pods/Target Support Files/Pods-AlfredUITests/Pods-AlfredUITests-resources.sh\"\n";
			showEnvVarsInLog = 0;
		};
		825717AA41FE7B45BC7DFDA9 /* [CP] Embed Pods Frameworks */ = {
			isa = PBXShellScriptBuildPhase;
			buildActionMask = 2147483647;
			files = (
			);
			inputPaths = (
			);
			name = "[CP] Embed Pods Frameworks";
			outputPaths = (
			);
			runOnlyForDeploymentPostprocessing = 0;
			shellPath = /bin/sh;
			shellScript = "\"${SRCROOT}/Pods/Target Support Files/Pods-Alfred/Pods-Alfred-frameworks.sh\"\n";
			showEnvVarsInLog = 0;
		};
		CF713FAACAE3E482E4AA20DC /* [CP] Check Pods Manifest.lock */ = {
			isa = PBXShellScriptBuildPhase;
			buildActionMask = 2147483647;
			files = (
			);
			inputPaths = (
			);
			name = "[CP] Check Pods Manifest.lock";
			outputPaths = (
			);
			runOnlyForDeploymentPostprocessing = 0;
			shellPath = /bin/sh;
			shellScript = "diff \"${PODS_ROOT}/../Podfile.lock\" \"${PODS_ROOT}/Manifest.lock\" > /dev/null\nif [ $? != 0 ] ; then\n    # print error to STDERR\n    echo \"error: The sandbox is not in sync with the Podfile.lock. Run 'pod install' or update your CocoaPods installation.\" >&2\n    exit 1\nfi\n";
			showEnvVarsInLog = 0;
		};
		D03ABA88CB168F8F61240931 /* [CP] Check Pods Manifest.lock */ = {
			isa = PBXShellScriptBuildPhase;
			buildActionMask = 2147483647;
			files = (
			);
			inputPaths = (
			);
			name = "[CP] Check Pods Manifest.lock";
			outputPaths = (
			);
			runOnlyForDeploymentPostprocessing = 0;
			shellPath = /bin/sh;
			shellScript = "diff \"${PODS_ROOT}/../Podfile.lock\" \"${PODS_ROOT}/Manifest.lock\" > /dev/null\nif [ $? != 0 ] ; then\n    # print error to STDERR\n    echo \"error: The sandbox is not in sync with the Podfile.lock. Run 'pod install' or update your CocoaPods installation.\" >&2\n    exit 1\nfi\n";
			showEnvVarsInLog = 0;
		};
		E7C04D2ACD0B6C8EF25B8592 /* [CP] Embed Pods Frameworks */ = {
			isa = PBXShellScriptBuildPhase;
			buildActionMask = 2147483647;
			files = (
			);
			inputPaths = (
			);
			name = "[CP] Embed Pods Frameworks";
			outputPaths = (
			);
			runOnlyForDeploymentPostprocessing = 0;
			shellPath = /bin/sh;
			shellScript = "\"${SRCROOT}/Pods/Target Support Files/Pods-AlfredTests/Pods-AlfredTests-frameworks.sh\"\n";
			showEnvVarsInLog = 0;
		};
		FADE767FC6C1114659C0E80B /* [CP] Embed Pods Frameworks */ = {
			isa = PBXShellScriptBuildPhase;
			buildActionMask = 2147483647;
			files = (
			);
			inputPaths = (
			);
			name = "[CP] Embed Pods Frameworks";
			outputPaths = (
			);
			runOnlyForDeploymentPostprocessing = 0;
			shellPath = /bin/sh;
			shellScript = "\"${SRCROOT}/Pods/Target Support Files/Pods-AlfredUITests/Pods-AlfredUITests-frameworks.sh\"\n";
			showEnvVarsInLog = 0;
		};
/* End PBXShellScriptBuildPhase section */

/* Begin PBXSourcesBuildPhase section */
		D47EFDDE1E48F681003A9B4E /* Sources */ = {
			isa = PBXSourcesBuildPhase;
			buildActionMask = 2147483647;
			files = (
				D48ACAA71E523926006C6D91 /* DetailSection+CoreDataProperties.swift in Sources */,
				D48ACAA61E523926006C6D91 /* DetailSection+CoreDataClass.swift in Sources */,
				D4C5D5281E4A19FC00640F08 /* Category.swift in Sources */,
				D48ACAA81E523926006C6D91 /* User+CoreDataClass.swift in Sources */,
				D47EFDEE1E48F681003A9B4E /* Alfred.xcdatamodeld in Sources */,
				D48ACA9D1E51F14A006C6D91 /* MainTableViewController.swift in Sources */,
				D48ACAAD1E523926006C6D91 /* Detail+CoreDataProperties.swift in Sources */,
				D4C5D52A1E4A314B00640F08 /* User.swift in Sources */,
				D483D5A91E4E7E0300ED09C8 /* SampleData.swift in Sources */,
				D47EFDE61E48F681003A9B4E /* AppDelegate.swift in Sources */,
				D4B590611E4DF30200FD5D37 /* Detail.swift in Sources */,
				D48ACAA91E523926006C6D91 /* User+CoreDataProperties.swift in Sources */,
				D4B5905D1E4DF2CE00FD5D37 /* DetailsTableViewController.swift in Sources */,
				D48ACAAC1E523926006C6D91 /* Detail+CoreDataClass.swift in Sources */,
				D4B5905F1E4DF2EB00FD5D37 /* DetailTableViewCell.swift in Sources */,
				D48ACAAA1E523926006C6D91 /* Category+CoreDataClass.swift in Sources */,
				D4C5D5221E4A13F200640F08 /* CategoryCell.swift in Sources */,
				D48ACAAB1E523926006C6D91 /* Category+CoreDataProperties.swift in Sources */,
				D47306A11E54B12D00F6923C /* Constants.swift in Sources */,
			);
			runOnlyForDeploymentPostprocessing = 0;
		};
		D47EFDF51E48F681003A9B4E /* Sources */ = {
			isa = PBXSourcesBuildPhase;
			buildActionMask = 2147483647;
			files = (
				D47EFDFE1E48F681003A9B4E /* AlfredTests.swift in Sources */,
			);
			runOnlyForDeploymentPostprocessing = 0;
		};
		D47EFE001E48F681003A9B4E /* Sources */ = {
			isa = PBXSourcesBuildPhase;
			buildActionMask = 2147483647;
			files = (
				D47EFE091E48F681003A9B4E /* AlfredUITests.swift in Sources */,
			);
			runOnlyForDeploymentPostprocessing = 0;
		};
/* End PBXSourcesBuildPhase section */

/* Begin PBXTargetDependency section */
		D47EFDFB1E48F681003A9B4E /* PBXTargetDependency */ = {
			isa = PBXTargetDependency;
			target = D47EFDE11E48F681003A9B4E /* Alfred */;
			targetProxy = D47EFDFA1E48F681003A9B4E /* PBXContainerItemProxy */;
		};
		D47EFE061E48F681003A9B4E /* PBXTargetDependency */ = {
			isa = PBXTargetDependency;
			target = D47EFDE11E48F681003A9B4E /* Alfred */;
			targetProxy = D47EFE051E48F681003A9B4E /* PBXContainerItemProxy */;
		};
/* End PBXTargetDependency section */

/* Begin PBXVariantGroup section */
		D47EFDF11E48F681003A9B4E /* LaunchScreen.storyboard */ = {
			isa = PBXVariantGroup;
			children = (
				D47EFDF21E48F681003A9B4E /* Base */,
			);
			name = LaunchScreen.storyboard;
			sourceTree = "<group>";
		};
/* End PBXVariantGroup section */

/* Begin XCBuildConfiguration section */
		D47EFE0B1E48F681003A9B4E /* Debug */ = {
			isa = XCBuildConfiguration;
			buildSettings = {
				ALWAYS_SEARCH_USER_PATHS = NO;
				CLANG_ANALYZER_NONNULL = YES;
				CLANG_CXX_LANGUAGE_STANDARD = "gnu++0x";
				CLANG_CXX_LIBRARY = "libc++";
				CLANG_ENABLE_MODULES = YES;
				CLANG_ENABLE_OBJC_ARC = YES;
				CLANG_WARN_BOOL_CONVERSION = YES;
				CLANG_WARN_CONSTANT_CONVERSION = YES;
				CLANG_WARN_DIRECT_OBJC_ISA_USAGE = YES_ERROR;
				CLANG_WARN_DOCUMENTATION_COMMENTS = YES;
				CLANG_WARN_EMPTY_BODY = YES;
				CLANG_WARN_ENUM_CONVERSION = YES;
				CLANG_WARN_INFINITE_RECURSION = YES;
				CLANG_WARN_INT_CONVERSION = YES;
				CLANG_WARN_OBJC_ROOT_CLASS = YES_ERROR;
				CLANG_WARN_SUSPICIOUS_MOVE = YES;
				CLANG_WARN_UNREACHABLE_CODE = YES;
				CLANG_WARN__DUPLICATE_METHOD_MATCH = YES;
				"CODE_SIGN_IDENTITY[sdk=iphoneos*]" = "iPhone Developer";
				COPY_PHASE_STRIP = NO;
				DEBUG_INFORMATION_FORMAT = dwarf;
				ENABLE_STRICT_OBJC_MSGSEND = YES;
				ENABLE_TESTABILITY = YES;
				GCC_C_LANGUAGE_STANDARD = gnu99;
				GCC_DYNAMIC_NO_PIC = NO;
				GCC_NO_COMMON_BLOCKS = YES;
				GCC_OPTIMIZATION_LEVEL = 0;
				GCC_PREPROCESSOR_DEFINITIONS = (
					"DEBUG=1",
					"$(inherited)",
				);
				GCC_WARN_64_TO_32_BIT_CONVERSION = YES;
				GCC_WARN_ABOUT_RETURN_TYPE = YES_ERROR;
				GCC_WARN_UNDECLARED_SELECTOR = YES;
				GCC_WARN_UNINITIALIZED_AUTOS = YES_AGGRESSIVE;
				GCC_WARN_UNUSED_FUNCTION = YES;
				GCC_WARN_UNUSED_VARIABLE = YES;
				IPHONEOS_DEPLOYMENT_TARGET = 10.2;
				MTL_ENABLE_DEBUG_INFO = YES;
				ONLY_ACTIVE_ARCH = YES;
				SDKROOT = iphoneos;
				SWIFT_ACTIVE_COMPILATION_CONDITIONS = DEBUG;
				SWIFT_OPTIMIZATION_LEVEL = "-Onone";
				TARGETED_DEVICE_FAMILY = "1,2";
			};
			name = Debug;
		};
		D47EFE0C1E48F681003A9B4E /* Release */ = {
			isa = XCBuildConfiguration;
			buildSettings = {
				ALWAYS_SEARCH_USER_PATHS = NO;
				CLANG_ANALYZER_NONNULL = YES;
				CLANG_CXX_LANGUAGE_STANDARD = "gnu++0x";
				CLANG_CXX_LIBRARY = "libc++";
				CLANG_ENABLE_MODULES = YES;
				CLANG_ENABLE_OBJC_ARC = YES;
				CLANG_WARN_BOOL_CONVERSION = YES;
				CLANG_WARN_CONSTANT_CONVERSION = YES;
				CLANG_WARN_DIRECT_OBJC_ISA_USAGE = YES_ERROR;
				CLANG_WARN_DOCUMENTATION_COMMENTS = YES;
				CLANG_WARN_EMPTY_BODY = YES;
				CLANG_WARN_ENUM_CONVERSION = YES;
				CLANG_WARN_INFINITE_RECURSION = YES;
				CLANG_WARN_INT_CONVERSION = YES;
				CLANG_WARN_OBJC_ROOT_CLASS = YES_ERROR;
				CLANG_WARN_SUSPICIOUS_MOVE = YES;
				CLANG_WARN_UNREACHABLE_CODE = YES;
				CLANG_WARN__DUPLICATE_METHOD_MATCH = YES;
				"CODE_SIGN_IDENTITY[sdk=iphoneos*]" = "iPhone Developer";
				COPY_PHASE_STRIP = NO;
				DEBUG_INFORMATION_FORMAT = "dwarf-with-dsym";
				ENABLE_NS_ASSERTIONS = NO;
				ENABLE_STRICT_OBJC_MSGSEND = YES;
				GCC_C_LANGUAGE_STANDARD = gnu99;
				GCC_NO_COMMON_BLOCKS = YES;
				GCC_WARN_64_TO_32_BIT_CONVERSION = YES;
				GCC_WARN_ABOUT_RETURN_TYPE = YES_ERROR;
				GCC_WARN_UNDECLARED_SELECTOR = YES;
				GCC_WARN_UNINITIALIZED_AUTOS = YES_AGGRESSIVE;
				GCC_WARN_UNUSED_FUNCTION = YES;
				GCC_WARN_UNUSED_VARIABLE = YES;
				IPHONEOS_DEPLOYMENT_TARGET = 10.2;
				MTL_ENABLE_DEBUG_INFO = NO;
				SDKROOT = iphoneos;
				SWIFT_OPTIMIZATION_LEVEL = "-Owholemodule";
				TARGETED_DEVICE_FAMILY = "1,2";
				VALIDATE_PRODUCT = YES;
			};
			name = Release;
		};
		D47EFE0E1E48F681003A9B4E /* Debug */ = {
			isa = XCBuildConfiguration;
			baseConfigurationReference = E4D4AA07C36F6042A3396516 /* Pods-Alfred.debug.xcconfig */;
			buildSettings = {
				ASSETCATALOG_COMPILER_APPICON_NAME = AppIcon;
				DEVELOPMENT_TEAM = T2EPS5RLC3;
				INFOPLIST_FILE = Alfred/Info.plist;
				IPHONEOS_DEPLOYMENT_TARGET = 10.2;
				LD_RUNPATH_SEARCH_PATHS = "$(inherited) @executable_path/Frameworks";
				PRODUCT_BUNDLE_IDENTIFIER = rmulton.Alfred;
				PRODUCT_NAME = "$(TARGET_NAME)";
				SWIFT_VERSION = 3.0;
			};
			name = Debug;
		};
		D47EFE0F1E48F681003A9B4E /* Release */ = {
			isa = XCBuildConfiguration;
			baseConfigurationReference = DAA79542BF977B409D1131A6 /* Pods-Alfred.release.xcconfig */;
			buildSettings = {
				ASSETCATALOG_COMPILER_APPICON_NAME = AppIcon;
				DEVELOPMENT_TEAM = T2EPS5RLC3;
				INFOPLIST_FILE = Alfred/Info.plist;
				IPHONEOS_DEPLOYMENT_TARGET = 10.2;
				LD_RUNPATH_SEARCH_PATHS = "$(inherited) @executable_path/Frameworks";
				PRODUCT_BUNDLE_IDENTIFIER = rmulton.Alfred;
				PRODUCT_NAME = "$(TARGET_NAME)";
				SWIFT_VERSION = 3.0;
			};
			name = Release;
		};
		D47EFE111E48F681003A9B4E /* Debug */ = {
			isa = XCBuildConfiguration;
			baseConfigurationReference = E09B0844AF41686DDA907580 /* Pods-AlfredTests.debug.xcconfig */;
			buildSettings = {
				ALWAYS_EMBED_SWIFT_STANDARD_LIBRARIES = YES;
				BUNDLE_LOADER = "$(TEST_HOST)";
				INFOPLIST_FILE = AlfredTests/Info.plist;
				LD_RUNPATH_SEARCH_PATHS = "$(inherited) @executable_path/Frameworks @loader_path/Frameworks";
				PRODUCT_BUNDLE_IDENTIFIER = rmulton.AlfredTests;
				PRODUCT_NAME = "$(TARGET_NAME)";
				SWIFT_VERSION = 3.0;
				TEST_HOST = "$(BUILT_PRODUCTS_DIR)/Alfred.app/Alfred";
			};
			name = Debug;
		};
		D47EFE121E48F681003A9B4E /* Release */ = {
			isa = XCBuildConfiguration;
			baseConfigurationReference = FFCE28E4655D5B4FC27C2F9C /* Pods-AlfredTests.release.xcconfig */;
			buildSettings = {
				ALWAYS_EMBED_SWIFT_STANDARD_LIBRARIES = YES;
				BUNDLE_LOADER = "$(TEST_HOST)";
				INFOPLIST_FILE = AlfredTests/Info.plist;
				LD_RUNPATH_SEARCH_PATHS = "$(inherited) @executable_path/Frameworks @loader_path/Frameworks";
				PRODUCT_BUNDLE_IDENTIFIER = rmulton.AlfredTests;
				PRODUCT_NAME = "$(TARGET_NAME)";
				SWIFT_VERSION = 3.0;
				TEST_HOST = "$(BUILT_PRODUCTS_DIR)/Alfred.app/Alfred";
			};
			name = Release;
		};
		D47EFE141E48F681003A9B4E /* Debug */ = {
			isa = XCBuildConfiguration;
			baseConfigurationReference = 7B61118E3E8C1A628AFC8C71 /* Pods-AlfredUITests.debug.xcconfig */;
			buildSettings = {
				ALWAYS_EMBED_SWIFT_STANDARD_LIBRARIES = YES;
				INFOPLIST_FILE = AlfredUITests/Info.plist;
				LD_RUNPATH_SEARCH_PATHS = "$(inherited) @executable_path/Frameworks @loader_path/Frameworks";
				PRODUCT_BUNDLE_IDENTIFIER = rmulton.AlfredUITests;
				PRODUCT_NAME = "$(TARGET_NAME)";
				SWIFT_VERSION = 3.0;
				TEST_TARGET_NAME = Alfred;
			};
			name = Debug;
		};
		D47EFE151E48F681003A9B4E /* Release */ = {
			isa = XCBuildConfiguration;
			baseConfigurationReference = B22AC11428E4B82631C40AFC /* Pods-AlfredUITests.release.xcconfig */;
			buildSettings = {
				ALWAYS_EMBED_SWIFT_STANDARD_LIBRARIES = YES;
				INFOPLIST_FILE = AlfredUITests/Info.plist;
				LD_RUNPATH_SEARCH_PATHS = "$(inherited) @executable_path/Frameworks @loader_path/Frameworks";
				PRODUCT_BUNDLE_IDENTIFIER = rmulton.AlfredUITests;
				PRODUCT_NAME = "$(TARGET_NAME)";
				SWIFT_VERSION = 3.0;
				TEST_TARGET_NAME = Alfred;
			};
			name = Release;
		};
/* End XCBuildConfiguration section */

/* Begin XCConfigurationList section */
		D47EFDDD1E48F681003A9B4E /* Build configuration list for PBXProject "Alfred" */ = {
			isa = XCConfigurationList;
			buildConfigurations = (
				D47EFE0B1E48F681003A9B4E /* Debug */,
				D47EFE0C1E48F681003A9B4E /* Release */,
			);
			defaultConfigurationIsVisible = 0;
			defaultConfigurationName = Release;
		};
		D47EFE0D1E48F681003A9B4E /* Build configuration list for PBXNativeTarget "Alfred" */ = {
			isa = XCConfigurationList;
			buildConfigurations = (
				D47EFE0E1E48F681003A9B4E /* Debug */,
				D47EFE0F1E48F681003A9B4E /* Release */,
			);
			defaultConfigurationIsVisible = 0;
			defaultConfigurationName = Release;
		};
		D47EFE101E48F681003A9B4E /* Build configuration list for PBXNativeTarget "AlfredTests" */ = {
			isa = XCConfigurationList;
			buildConfigurations = (
				D47EFE111E48F681003A9B4E /* Debug */,
				D47EFE121E48F681003A9B4E /* Release */,
			);
			defaultConfigurationIsVisible = 0;
			defaultConfigurationName = Release;
		};
		D47EFE131E48F681003A9B4E /* Build configuration list for PBXNativeTarget "AlfredUITests" */ = {
			isa = XCConfigurationList;
			buildConfigurations = (
				D47EFE141E48F681003A9B4E /* Debug */,
				D47EFE151E48F681003A9B4E /* Release */,
			);
			defaultConfigurationIsVisible = 0;
			defaultConfigurationName = Release;
		};
/* End XCConfigurationList section */

/* Begin XCVersionGroup section */
		D47EFDEC1E48F681003A9B4E /* Alfred.xcdatamodeld */ = {
			isa = XCVersionGroup;
			children = (
				D47EFDED1E48F681003A9B4E /* Alfred.xcdatamodel */,
			);
			currentVersion = D47EFDED1E48F681003A9B4E /* Alfred.xcdatamodel */;
			path = Alfred.xcdatamodeld;
			sourceTree = "<group>";
			versionGroupType = wrapper.xcdatamodel;
		};
/* End XCVersionGroup section */
	};
	rootObject = D47EFDDA1E48F681003A9B4E /* Project object */;
}
